
Microsoft Visual Studio Solution File, Format Version 12.00
# Visual Studio Version 16
VisualStudioVersion = 16.0.31729.503
MinimumVisualStudioVersion = 10.0.40219.1
Project("{FAE04EC0-301F-11D3-BF4B-00C04F79EFBC}") = "Japonstina", "Japonstina.csproj", "{873F10FB-5B4C-4BB1-9A54-CA3072CA884C}"
EndProject
Global
	GlobalSection(SolutionConfigurationPlatforms) = preSolution
		Debug|Any CPU = Debug|Any CPU
		Release|Any CPU = Release|Any CPU
	EndGlobalSection
	GlobalSection(ProjectConfigurationPlatforms) = postSolution
		{873F10FB-5B4C-4BB1-9A54-CA3072CA884C}.Debug|Any CPU.ActiveCfg = Debug|Any CPU
		{873F10FB-5B4C-4BB1-9A54-CA3072CA884C}.Debug|Any CPU.Build.0 = Debug|Any CPU
		{873F10FB-5B4C-4BB1-9A54-CA3072CA884C}.Release|Any CPU.ActiveCfg = Release|Any CPU
		{873F10FB-5B4C-4BB1-9A54-CA3072CA884C}.Release|Any CPU.Build.0 = Release|Any CPU
	EndGlobalSection
	GlobalSection(SolutionProperties) = preSolution
		HideSolutionNode = FALSE
	EndGlobalSection
	GlobalSection(ExtensibilityGlobals) = postSolution
		SolutionGuid = {F7AF4A9A-5F16-42AD-B872-38B77D074B17}
	EndGlobalSection
EndGlobal
